
Microsoft Visual Studio Solution File, Format Version 12.00
# Visual Studio Version 16
VisualStudioVersion = 16.0.30907.101
MinimumVisualStudioVersion = 10.0.40219.1
Project("{FAE04EC0-301F-11D3-BF4B-00C04F79EFBC}") = "ComputerShop.Web", "ComputerShop.Web\ComputerShop.Web.csproj", "{0F4EE19F-4F84-4F2C-95BB-D8C9ECC9E1F4}"
EndProject
Project("{FAE04EC0-301F-11D3-BF4B-00C04F79EFBC}") = "ComputerShop.Data", "ComputerShop.Data\ComputerShop.Data.csproj", "{495B877C-3BBA-452C-B806-7C0C48436CFC}"
EndProject
Global
	GlobalSection(SolutionConfigurationPlatforms) = preSolution
		Debug|Any CPU = Debug|Any CPU
		Release|Any CPU = Release|Any CPU
	EndGlobalSection
	GlobalSection(ProjectConfigurationPlatforms) = postSolution
		{0F4EE19F-4F84-4F2C-95BB-D8C9ECC9E1F4}.Debug|Any CPU.ActiveCfg = Debug|Any CPU
		{0F4EE19F-4F84-4F2C-95BB-D8C9ECC9E1F4}.Debug|Any CPU.Build.0 = Debug|Any CPU
		{0F4EE19F-4F84-4F2C-95BB-D8C9ECC9E1F4}.Release|Any CPU.ActiveCfg = Release|Any CPU
		{0F4EE19F-4F84-4F2C-95BB-D8C9ECC9E1F4}.Release|Any CPU.Build.0 = Release|Any CPU
		{495B877C-3BBA-452C-B806-7C0C48436CFC}.Debug|Any CPU.ActiveCfg = Debug|Any CPU
		{495B877C-3BBA-452C-B806-7C0C48436CFC}.Debug|Any CPU.Build.0 = Debug|Any CPU
		{495B877C-3BBA-452C-B806-7C0C48436CFC}.Release|Any CPU.ActiveCfg = Release|Any CPU
		{495B877C-3BBA-452C-B806-7C0C48436CFC}.Release|Any CPU.Build.0 = Release|Any CPU
	EndGlobalSection
	GlobalSection(SolutionProperties) = preSolution
		HideSolutionNode = FALSE
	EndGlobalSection
	GlobalSection(ExtensibilityGlobals) = postSolution
		SolutionGuid = {9EE32D8E-C6BA-4272-AC14-2CB6655BCF03}
	EndGlobalSection
EndGlobal
